
Microsoft Visual Studio Solution File, Format Version 12.00
# Visual Studio 14
VisualStudioVersion = 14.0.25420.1
MinimumVisualStudioVersion = 10.0.40219.1
Project("{FAE04EC0-301F-11D3-BF4B-00C04F79EFBC}") = "Telegram Chat Bot - Charlie", "Telegram Chat Bot - Charlie\Telegram Chat Bot - Charlie.csproj", "{74BE66D1-B437-4976-978F-44E184AAFDBA}"
EndProject
Project("{FAE04EC0-301F-11D3-BF4B-00C04F79EFBC}") = "Charlie Library", "Charlie Library\Charlie Library.csproj", "{E628D825-068F-4543-B565-B0B71B6C46F8}"
EndProject
Global
	GlobalSection(SolutionConfigurationPlatforms) = preSolution
		Debug|Any CPU = Debug|Any CPU
		Release|Any CPU = Release|Any CPU
	EndGlobalSection
	GlobalSection(ProjectConfigurationPlatforms) = postSolution
		{74BE66D1-B437-4976-978F-44E184AAFDBA}.Debug|Any CPU.ActiveCfg = Debug|Any CPU
		{74BE66D1-B437-4976-978F-44E184AAFDBA}.Debug|Any CPU.Build.0 = Debug|Any CPU
		{74BE66D1-B437-4976-978F-44E184AAFDBA}.Release|Any CPU.ActiveCfg = Release|Any CPU
		{74BE66D1-B437-4976-978F-44E184AAFDBA}.Release|Any CPU.Build.0 = Release|Any CPU
		{E628D825-068F-4543-B565-B0B71B6C46F8}.Debug|Any CPU.ActiveCfg = Debug|Any CPU
		{E628D825-068F-4543-B565-B0B71B6C46F8}.Debug|Any CPU.Build.0 = Debug|Any CPU
		{E628D825-068F-4543-B565-B0B71B6C46F8}.Release|Any CPU.ActiveCfg = Release|Any CPU
		{E628D825-068F-4543-B565-B0B71B6C46F8}.Release|Any CPU.Build.0 = Release|Any CPU
	EndGlobalSection
	GlobalSection(SolutionProperties) = preSolution
		HideSolutionNode = FALSE
	EndGlobalSection
EndGlobal
